{
    "_readme": [
        "This file locks the dependencies of your project to a known state",
        "Read more about it at http://getcomposer.org/doc/01-basic-usage.md#composer-lock-the-lock-file",
        "This file is @generated automatically"
    ],
    "hash": "0bba2d43c87d39dcd09a7c277ab5388b",
    "packages": [
        {
            "name": "gamajo/template-loader",
            "version": "dev-develop",
            "source": {
                "type": "git",
                "url": "https://github.com/GaryJones/Gamajo-Template-Loader",
                "reference": "52de20054688c018aa95b7808f10e20f8b3bbf0b"
            },
            "require": {
                "php": ">=5.2.4"
            },
            "type": "library",
            "autoload": {
                "classmap": [
                    "class-gamajo-template-loader.php"
                ]
            },
            "license": [
                "GPL-2.0+"
            ],
            "authors": [
                {
                    "name": "Gary Jones",
                    "email": "gamajo@gamajo.com",
                    "homepage": "http://gamajo.com",
                    "role": "Developer"
                }
            ],
            "description": "A class for your WordPress plugin, to allow loading template parts with fallback through the child theme > parent theme > plugin",
            "homepage": "http://github.com/GaryJones/Gamajo-Template-Loader",
            "keywords": [
                "templates",
                "wordpress"
            ],
            "support": {
                "issues": "https://github.com/GaryJones/Gamajo-Template-Loader/issues"
            },
            "time": "2014-12-11 09:10:54"
        }
    ],
    "packages-dev": [],
    "aliases": [],
    "minimum-stability": "stable",
    "stability-flags": {
        "gamajo/template-loader": 20
    },
    "prefer-stable": false,
    "prefer-lowest": false,
    "platform": [],
    "platform-dev": []
}
